
Microsoft Visual Studio Solution File, Format Version 12.00
# Visual Studio Version 17
VisualStudioVersion = 17.14.36310.24 d17.14
MinimumVisualStudioVersion = 10.0.40219.1
Project("{FAE04EC0-301F-11D3-BF4B-00C04F79EFBC}") = "StudentApi", "StudentApi\StudentApi.csproj", "{7DCFDE71-CF62-46E8-88FD-AE5FB34C43E8}"
EndProject
Project("{2150E333-8FDC-42A3-9474-1A3956D46DE8}") = "Solution Items", "Solution Items", "{8EC462FD-D22E-90A8-E5CE-7E832BA40C5D}"
EndProject
Global
	GlobalSection(SolutionConfigurationPlatforms) = preSolution
		Debug|Any CPU = Debug|Any CPU
		Release|Any CPU = Release|Any CPU
	EndGlobalSection
	GlobalSection(ProjectConfigurationPlatforms) = postSolution
		{7DCFDE71-CF62-46E8-88FD-AE5FB34C43E8}.Debug|Any CPU.ActiveCfg = Debug|Any CPU
		{7DCFDE71-CF62-46E8-88FD-AE5FB34C43E8}.Debug|Any CPU.Build.0 = Debug|Any CPU
		{7DCFDE71-CF62-46E8-88FD-AE5FB34C43E8}.Release|Any CPU.ActiveCfg = Release|Any CPU
		{7DCFDE71-CF62-46E8-88FD-AE5FB34C43E8}.Release|Any CPU.Build.0 = Release|Any CPU
	EndGlobalSection
	GlobalSection(SolutionProperties) = preSolution
		HideSolutionNode = FALSE
	EndGlobalSection
	GlobalSection(ExtensibilityGlobals) = postSolution
		SolutionGuid = {CDCFE8B7-8997-4EAF-ABCF-CD26C3C40492}
	EndGlobalSection
EndGlobal
